
Microsoft Visual Studio Solution File, Format Version 12.00
# Visual Studio 14
VisualStudioVersion = 14.0.25420.1
MinimumVisualStudioVersion = 10.0.40219.1
Project("{FAE04EC0-301F-11D3-BF4B-00C04F79EFBC}") = "LinqTo", "LinqTo\LinqTo.csproj", "{22F1EE83-A82B-4458-99C5-142170717F85}"
EndProject
Project("{FAE04EC0-301F-11D3-BF4B-00C04F79EFBC}") = "MessageLib", "MessageLib\MessageLib.csproj", "{089EC8F8-DB3C-4514-8B01-8CED3F51B831}"
EndProject
Project("{FAE04EC0-301F-11D3-BF4B-00C04F79EFBC}") = "MessagePublisher", "MessagePublisher\MessagePublisher.csproj", "{E0831ED7-CAD8-4A38-A7A2-CD86033C5638}"
EndProject
Project("{FAE04EC0-301F-11D3-BF4B-00C04F79EFBC}") = "MessageSubscriber", "MessageSubscriber\MessageSubscriber.csproj", "{469F0D32-64AC-4519-A9CF-834DAAFB738F}"
EndProject
Project("{FAE04EC0-301F-11D3-BF4B-00C04F79EFBC}") = "NewCSharp6Features", "NewCSharp6Features\NewCSharp6Features.csproj", "{A0440000-313C-48C4-ADF8-2DB6E0C4A086}"
EndProject
Project("{FAE04EC0-301F-11D3-BF4B-00C04F79EFBC}") = "WcfClient", "WcfClient\WcfClient.csproj", "{B04FE65D-7800-44A8-BC59-F89D88CE67E2}"
EndProject
Project("{FAE04EC0-301F-11D3-BF4B-00C04F79EFBC}") = "WcfService", "WcfService\WcfService.csproj", "{27F81AA6-2880-4D76-86AB-5D63D4C334C0}"
EndProject
Project("{FAE04EC0-301F-11D3-BF4B-00C04F79EFBC}") = "WcfServiceHost", "WcfServiceHost\WcfServiceHost.csproj", "{2E3DB966-6D8C-4D54-A42B-C3D4CE951DAC}"
EndProject
Project("{FAE04EC0-301F-11D3-BF4B-00C04F79EFBC}") = "WcfServiceLibrary", "WcfServiceLibrary\WcfServiceLibrary.csproj", "{E93D8621-F96D-4340-AB4C-E48B9CEB4688}"
EndProject
Project("{2150E333-8FDC-42A3-9474-1A3956D46DE8}") = "WCF", "WCF", "{379036CB-1B2F-4ACE-A4F0-8DFFFD799E6A}"
EndProject
Project("{2150E333-8FDC-42A3-9474-1A3956D46DE8}") = "MSMQ", "MSMQ", "{86C433F1-104A-49DD-89BD-5F0090A57101}"
EndProject
Project("{2150E333-8FDC-42A3-9474-1A3956D46DE8}") = "WebSockets", "WebSockets", "{3E479C1D-8E17-4846-BFD6-DF74481B43B5}"
EndProject
Project("{FAE04EC0-301F-11D3-BF4B-00C04F79EFBC}") = "WebSocketClient", "WebSocketClient\WebSocketClient.csproj", "{1AB74AC7-3494-430A-AC27-B00F436D2708}"
EndProject
Project("{FAE04EC0-301F-11D3-BF4B-00C04F79EFBC}") = "WebSockeLib", "WebSockeLib\WebSockeLib.csproj", "{933DEFF1-58F6-4583-ACA1-CE51F8814484}"
EndProject
Project("{FAE04EC0-301F-11D3-BF4B-00C04F79EFBC}") = "WebSocketHostWithWCF", "WebSocketHostWithWCF\WebSocketHostWithWCF.csproj", "{64E8C97D-4EDC-4880-AA3D-44756FC0EAC5}"
EndProject
Project("{FAE04EC0-301F-11D3-BF4B-00C04F79EFBC}") = "WebSocketHostWithHttpListener", "WebSocketHostWithHttpListener\WebSocketHostWithHttpListener.csproj", "{4050CEBA-54B8-4A80-B880-778BFD4B122C}"
EndProject
Project("{8BB2217D-0F2D-49D1-97BC-3654ED321F3B}") = "WebSocketWebClient", "WebSocketWebClient\WebSocketWebClient.xproj", "{A3AE9F20-19ED-4912-B49D-ECBEB7E64F93}"
EndProject
Project("{2150E333-8FDC-42A3-9474-1A3956D46DE8}") = "Solution Items", "Solution Items", "{9B9E561C-F92E-4003-B779-7FDF0912028D}"
	ProjectSection(SolutionItems) = preProject
		global.json = global.json
	EndProjectSection
EndProject
Project("{FAE04EC0-301F-11D3-BF4B-00C04F79EFBC}") = "JSONWebTokenHandlerTest", "JSONWebTokenHandlerTest\JSONWebTokenHandlerTest.csproj", "{6E62443A-1B47-4366-94F2-E79454C0F415}"
EndProject
Project("{2150E333-8FDC-42A3-9474-1A3956D46DE8}") = "Common", "Common", "{F9C22745-CF7F-48D8-995A-CA77415F0EBC}"
EndProject
Project("{FAE04EC0-301F-11D3-BF4B-00C04F79EFBC}") = "MK.Utilities", "Common\MK.Utilities\MK.Utilities.csproj", "{A2C7083E-BFC4-4F7B-99BC-B0C437924484}"
EndProject
Project("{FAE04EC0-301F-11D3-BF4B-00C04F79EFBC}") = "MK.Logging", "Common\MK.Logging\MK.Logging.csproj", "{865745F2-B7B2-4940-B99D-7239757FF8D2}"
EndProject
Project("{FAE04EC0-301F-11D3-BF4B-00C04F79EFBC}") = "MK.Utilities.Tests", "Common\MK.Utilities.Tests\MK.Utilities.Tests.csproj", "{17067FDD-DAAD-4753-97A1-6E2E8863412E}"
EndProject
Project("{8BB2217D-0F2D-49D1-97BC-3654ED321F3B}") = "aspdotnetcore", "aspdotnetcore\aspdotnetcore.xproj", "{3D438BA2-F58D-4EEF-9214-C77AF73A7730}"
EndProject
Project("{FAE04EC0-301F-11D3-BF4B-00C04F79EFBC}") = "Sandbox", "Sandbox\Sandbox.csproj", "{4C6FB76C-3206-46B0-B005-2D8275AFB2E7}"
EndProject
Project("{FAE04EC0-301F-11D3-BF4B-00C04F79EFBC}") = "AutomapperTest", "AutomapperTest\AutomapperTest.csproj", "{35BD6DA2-4DDE-4420-88A6-BE44942CD813}"
EndProject
Project("{FAE04EC0-301F-11D3-BF4B-00C04F79EFBC}") = "DapperTest", "DapperTest\DapperTest.csproj", "{872E7B5D-E658-4596-B4A7-3674F76C4681}"
EndProject
Project("{FAE04EC0-301F-11D3-BF4B-00C04F79EFBC}") = "MVVMLightTest", "MVVMLightTest\MVVMLightTest.csproj", "{BF8965DD-CDD6-4477-8F2D-74D76B68A9CF}"
EndProject
Global
	GlobalSection(SolutionConfigurationPlatforms) = preSolution
		Debug|Any CPU = Debug|Any CPU
		Release|Any CPU = Release|Any CPU
	EndGlobalSection
	GlobalSection(ProjectConfigurationPlatforms) = postSolution
		{22F1EE83-A82B-4458-99C5-142170717F85}.Debug|Any CPU.ActiveCfg = Debug|Any CPU
		{22F1EE83-A82B-4458-99C5-142170717F85}.Debug|Any CPU.Build.0 = Debug|Any CPU
		{22F1EE83-A82B-4458-99C5-142170717F85}.Release|Any CPU.ActiveCfg = Release|Any CPU
		{22F1EE83-A82B-4458-99C5-142170717F85}.Release|Any CPU.Build.0 = Release|Any CPU
		{089EC8F8-DB3C-4514-8B01-8CED3F51B831}.Debug|Any CPU.ActiveCfg = Debug|Any CPU
		{089EC8F8-DB3C-4514-8B01-8CED3F51B831}.Debug|Any CPU.Build.0 = Debug|Any CPU
		{089EC8F8-DB3C-4514-8B01-8CED3F51B831}.Release|Any CPU.ActiveCfg = Release|Any CPU
		{089EC8F8-DB3C-4514-8B01-8CED3F51B831}.Release|Any CPU.Build.0 = Release|Any CPU
		{E0831ED7-CAD8-4A38-A7A2-CD86033C5638}.Debug|Any CPU.ActiveCfg = Debug|Any CPU
		{E0831ED7-CAD8-4A38-A7A2-CD86033C5638}.Debug|Any CPU.Build.0 = Debug|Any CPU
		{E0831ED7-CAD8-4A38-A7A2-CD86033C5638}.Release|Any CPU.ActiveCfg = Release|Any CPU
		{E0831ED7-CAD8-4A38-A7A2-CD86033C5638}.Release|Any CPU.Build.0 = Release|Any CPU
		{469F0D32-64AC-4519-A9CF-834DAAFB738F}.Debug|Any CPU.ActiveCfg = Debug|Any CPU
		{469F0D32-64AC-4519-A9CF-834DAAFB738F}.Debug|Any CPU.Build.0 = Debug|Any CPU
		{469F0D32-64AC-4519-A9CF-834DAAFB738F}.Release|Any CPU.ActiveCfg = Release|Any CPU
		{469F0D32-64AC-4519-A9CF-834DAAFB738F}.Release|Any CPU.Build.0 = Release|Any CPU
		{A0440000-313C-48C4-ADF8-2DB6E0C4A086}.Debug|Any CPU.ActiveCfg = Debug|Any CPU
		{A0440000-313C-48C4-ADF8-2DB6E0C4A086}.Debug|Any CPU.Build.0 = Debug|Any CPU
		{A0440000-313C-48C4-ADF8-2DB6E0C4A086}.Release|Any CPU.ActiveCfg = Release|Any CPU
		{A0440000-313C-48C4-ADF8-2DB6E0C4A086}.Release|Any CPU.Build.0 = Release|Any CPU
		{B04FE65D-7800-44A8-BC59-F89D88CE67E2}.Debug|Any CPU.ActiveCfg = Debug|Any CPU
		{B04FE65D-7800-44A8-BC59-F89D88CE67E2}.Debug|Any CPU.Build.0 = Debug|Any CPU
		{B04FE65D-7800-44A8-BC59-F89D88CE67E2}.Release|Any CPU.ActiveCfg = Release|Any CPU
		{B04FE65D-7800-44A8-BC59-F89D88CE67E2}.Release|Any CPU.Build.0 = Release|Any CPU
		{27F81AA6-2880-4D76-86AB-5D63D4C334C0}.Debug|Any CPU.ActiveCfg = Debug|Any CPU
		{27F81AA6-2880-4D76-86AB-5D63D4C334C0}.Debug|Any CPU.Build.0 = Debug|Any CPU
		{27F81AA6-2880-4D76-86AB-5D63D4C334C0}.Release|Any CPU.ActiveCfg = Release|Any CPU
		{27F81AA6-2880-4D76-86AB-5D63D4C334C0}.Release|Any CPU.Build.0 = Release|Any CPU
		{2E3DB966-6D8C-4D54-A42B-C3D4CE951DAC}.Debug|Any CPU.ActiveCfg = Debug|Any CPU
		{2E3DB966-6D8C-4D54-A42B-C3D4CE951DAC}.Debug|Any CPU.Build.0 = Debug|Any CPU
		{2E3DB966-6D8C-4D54-A42B-C3D4CE951DAC}.Release|Any CPU.ActiveCfg = Release|Any CPU
		{2E3DB966-6D8C-4D54-A42B-C3D4CE951DAC}.Release|Any CPU.Build.0 = Release|Any CPU
		{E93D8621-F96D-4340-AB4C-E48B9CEB4688}.Debug|Any CPU.ActiveCfg = Debug|Any CPU
		{E93D8621-F96D-4340-AB4C-E48B9CEB4688}.Debug|Any CPU.Build.0 = Debug|Any CPU
		{E93D8621-F96D-4340-AB4C-E48B9CEB4688}.Release|Any CPU.ActiveCfg = Release|Any CPU
		{E93D8621-F96D-4340-AB4C-E48B9CEB4688}.Release|Any CPU.Build.0 = Release|Any CPU
		{1AB74AC7-3494-430A-AC27-B00F436D2708}.Debug|Any CPU.ActiveCfg = Debug|Any CPU
		{1AB74AC7-3494-430A-AC27-B00F436D2708}.Debug|Any CPU.Build.0 = Debug|Any CPU
		{1AB74AC7-3494-430A-AC27-B00F436D2708}.Release|Any CPU.ActiveCfg = Release|Any CPU
		{1AB74AC7-3494-430A-AC27-B00F436D2708}.Release|Any CPU.Build.0 = Release|Any CPU
		{933DEFF1-58F6-4583-ACA1-CE51F8814484}.Debug|Any CPU.ActiveCfg = Debug|Any CPU
		{933DEFF1-58F6-4583-ACA1-CE51F8814484}.Debug|Any CPU.Build.0 = Debug|Any CPU
		{933DEFF1-58F6-4583-ACA1-CE51F8814484}.Release|Any CPU.ActiveCfg = Release|Any CPU
		{933DEFF1-58F6-4583-ACA1-CE51F8814484}.Release|Any CPU.Build.0 = Release|Any CPU
		{64E8C97D-4EDC-4880-AA3D-44756FC0EAC5}.Debug|Any CPU.ActiveCfg = Debug|Any CPU
		{64E8C97D-4EDC-4880-AA3D-44756FC0EAC5}.Debug|Any CPU.Build.0 = Debug|Any CPU
		{64E8C97D-4EDC-4880-AA3D-44756FC0EAC5}.Release|Any CPU.ActiveCfg = Release|Any CPU
		{64E8C97D-4EDC-4880-AA3D-44756FC0EAC5}.Release|Any CPU.Build.0 = Release|Any CPU
		{4050CEBA-54B8-4A80-B880-778BFD4B122C}.Debug|Any CPU.ActiveCfg = Debug|Any CPU
		{4050CEBA-54B8-4A80-B880-778BFD4B122C}.Debug|Any CPU.Build.0 = Debug|Any CPU
		{4050CEBA-54B8-4A80-B880-778BFD4B122C}.Release|Any CPU.ActiveCfg = Release|Any CPU
		{4050CEBA-54B8-4A80-B880-778BFD4B122C}.Release|Any CPU.Build.0 = Release|Any CPU
		{A3AE9F20-19ED-4912-B49D-ECBEB7E64F93}.Debug|Any CPU.ActiveCfg = Debug|Any CPU
		{A3AE9F20-19ED-4912-B49D-ECBEB7E64F93}.Debug|Any CPU.Build.0 = Debug|Any CPU
		{A3AE9F20-19ED-4912-B49D-ECBEB7E64F93}.Release|Any CPU.ActiveCfg = Release|Any CPU
		{A3AE9F20-19ED-4912-B49D-ECBEB7E64F93}.Release|Any CPU.Build.0 = Release|Any CPU
		{6E62443A-1B47-4366-94F2-E79454C0F415}.Debug|Any CPU.ActiveCfg = Debug|Any CPU
		{6E62443A-1B47-4366-94F2-E79454C0F415}.Debug|Any CPU.Build.0 = Debug|Any CPU
		{6E62443A-1B47-4366-94F2-E79454C0F415}.Release|Any CPU.ActiveCfg = Release|Any CPU
		{6E62443A-1B47-4366-94F2-E79454C0F415}.Release|Any CPU.Build.0 = Release|Any CPU
		{A2C7083E-BFC4-4F7B-99BC-B0C437924484}.Debug|Any CPU.ActiveCfg = Debug|Any CPU
		{A2C7083E-BFC4-4F7B-99BC-B0C437924484}.Debug|Any CPU.Build.0 = Debug|Any CPU
		{A2C7083E-BFC4-4F7B-99BC-B0C437924484}.Release|Any CPU.ActiveCfg = Release|Any CPU
		{A2C7083E-BFC4-4F7B-99BC-B0C437924484}.Release|Any CPU.Build.0 = Release|Any CPU
		{865745F2-B7B2-4940-B99D-7239757FF8D2}.Debug|Any CPU.ActiveCfg = Debug|Any CPU
		{865745F2-B7B2-4940-B99D-7239757FF8D2}.Debug|Any CPU.Build.0 = Debug|Any CPU
		{865745F2-B7B2-4940-B99D-7239757FF8D2}.Release|Any CPU.ActiveCfg = Release|Any CPU
		{865745F2-B7B2-4940-B99D-7239757FF8D2}.Release|Any CPU.Build.0 = Release|Any CPU
		{17067FDD-DAAD-4753-97A1-6E2E8863412E}.Debug|Any CPU.ActiveCfg = Debug|Any CPU
		{17067FDD-DAAD-4753-97A1-6E2E8863412E}.Debug|Any CPU.Build.0 = Debug|Any CPU
		{17067FDD-DAAD-4753-97A1-6E2E8863412E}.Release|Any CPU.ActiveCfg = Release|Any CPU
		{17067FDD-DAAD-4753-97A1-6E2E8863412E}.Release|Any CPU.Build.0 = Release|Any CPU
		{3D438BA2-F58D-4EEF-9214-C77AF73A7730}.Debug|Any CPU.ActiveCfg = Debug|Any CPU
		{3D438BA2-F58D-4EEF-9214-C77AF73A7730}.Debug|Any CPU.Build.0 = Debug|Any CPU
		{3D438BA2-F58D-4EEF-9214-C77AF73A7730}.Release|Any CPU.ActiveCfg = Release|Any CPU
		{3D438BA2-F58D-4EEF-9214-C77AF73A7730}.Release|Any CPU.Build.0 = Release|Any CPU
		{4C6FB76C-3206-46B0-B005-2D8275AFB2E7}.Debug|Any CPU.ActiveCfg = Debug|Any CPU
		{4C6FB76C-3206-46B0-B005-2D8275AFB2E7}.Debug|Any CPU.Build.0 = Debug|Any CPU
		{4C6FB76C-3206-46B0-B005-2D8275AFB2E7}.Release|Any CPU.ActiveCfg = Release|Any CPU
		{4C6FB76C-3206-46B0-B005-2D8275AFB2E7}.Release|Any CPU.Build.0 = Release|Any CPU
		{35BD6DA2-4DDE-4420-88A6-BE44942CD813}.Debug|Any CPU.ActiveCfg = Debug|Any CPU
		{35BD6DA2-4DDE-4420-88A6-BE44942CD813}.Debug|Any CPU.Build.0 = Debug|Any CPU
		{35BD6DA2-4DDE-4420-88A6-BE44942CD813}.Release|Any CPU.ActiveCfg = Release|Any CPU
		{35BD6DA2-4DDE-4420-88A6-BE44942CD813}.Release|Any CPU.Build.0 = Release|Any CPU
		{872E7B5D-E658-4596-B4A7-3674F76C4681}.Debug|Any CPU.ActiveCfg = Debug|Any CPU
		{872E7B5D-E658-4596-B4A7-3674F76C4681}.Debug|Any CPU.Build.0 = Debug|Any CPU
		{872E7B5D-E658-4596-B4A7-3674F76C4681}.Release|Any CPU.ActiveCfg = Release|Any CPU
		{872E7B5D-E658-4596-B4A7-3674F76C4681}.Release|Any CPU.Build.0 = Release|Any CPU
		{BF8965DD-CDD6-4477-8F2D-74D76B68A9CF}.Debug|Any CPU.ActiveCfg = Debug|Any CPU
		{BF8965DD-CDD6-4477-8F2D-74D76B68A9CF}.Debug|Any CPU.Build.0 = Debug|Any CPU
		{BF8965DD-CDD6-4477-8F2D-74D76B68A9CF}.Release|Any CPU.ActiveCfg = Release|Any CPU
		{BF8965DD-CDD6-4477-8F2D-74D76B68A9CF}.Release|Any CPU.Build.0 = Release|Any CPU
	EndGlobalSection
	GlobalSection(SolutionProperties) = preSolution
		HideSolutionNode = FALSE
	EndGlobalSection
	GlobalSection(NestedProjects) = preSolution
		{089EC8F8-DB3C-4514-8B01-8CED3F51B831} = {86C433F1-104A-49DD-89BD-5F0090A57101}
		{E0831ED7-CAD8-4A38-A7A2-CD86033C5638} = {86C433F1-104A-49DD-89BD-5F0090A57101}
		{469F0D32-64AC-4519-A9CF-834DAAFB738F} = {86C433F1-104A-49DD-89BD-5F0090A57101}
		{B04FE65D-7800-44A8-BC59-F89D88CE67E2} = {379036CB-1B2F-4ACE-A4F0-8DFFFD799E6A}
		{27F81AA6-2880-4D76-86AB-5D63D4C334C0} = {379036CB-1B2F-4ACE-A4F0-8DFFFD799E6A}
		{2E3DB966-6D8C-4D54-A42B-C3D4CE951DAC} = {379036CB-1B2F-4ACE-A4F0-8DFFFD799E6A}
		{E93D8621-F96D-4340-AB4C-E48B9CEB4688} = {379036CB-1B2F-4ACE-A4F0-8DFFFD799E6A}
		{1AB74AC7-3494-430A-AC27-B00F436D2708} = {3E479C1D-8E17-4846-BFD6-DF74481B43B5}
		{933DEFF1-58F6-4583-ACA1-CE51F8814484} = {3E479C1D-8E17-4846-BFD6-DF74481B43B5}
		{64E8C97D-4EDC-4880-AA3D-44756FC0EAC5} = {3E479C1D-8E17-4846-BFD6-DF74481B43B5}
		{4050CEBA-54B8-4A80-B880-778BFD4B122C} = {3E479C1D-8E17-4846-BFD6-DF74481B43B5}
		{A3AE9F20-19ED-4912-B49D-ECBEB7E64F93} = {3E479C1D-8E17-4846-BFD6-DF74481B43B5}
		{A2C7083E-BFC4-4F7B-99BC-B0C437924484} = {F9C22745-CF7F-48D8-995A-CA77415F0EBC}
		{865745F2-B7B2-4940-B99D-7239757FF8D2} = {F9C22745-CF7F-48D8-995A-CA77415F0EBC}
		{17067FDD-DAAD-4753-97A1-6E2E8863412E} = {F9C22745-CF7F-48D8-995A-CA77415F0EBC}
	EndGlobalSection
EndGlobal
