
Microsoft Visual Studio Solution File, Format Version 12.00
# Visual Studio 14
VisualStudioVersion = 14.0.25420.1
MinimumVisualStudioVersion = 10.0.40219.1
Project("{FAE04EC0-301F-11D3-BF4B-00C04F79EFBC}") = "MK.Utilities", "MK.Utilities\MK.Utilities.csproj", "{A2C7083E-BFC4-4F7B-99BC-B0C437924484}"
EndProject
Project("{FAE04EC0-301F-11D3-BF4B-00C04F79EFBC}") = "MK.UI.WPF", "MK.UI.WPF\MK.UI.WPF.csproj", "{A623A7D2-C055-435D-BCFD-3E76D9389F90}"
EndProject
Project("{FAE04EC0-301F-11D3-BF4B-00C04F79EFBC}") = "MK.Settings", "MK.Settings\MK.Settings.csproj", "{E2DEBCF0-F617-4FCC-874F-D179844A159A}"
EndProject
Project("{FAE04EC0-301F-11D3-BF4B-00C04F79EFBC}") = "WPFLocalizeExtension", "WPFLocalizeExtension\WPFLocalizeExtension.csproj", "{E8C5B094-2CB4-4C26-87F0-351B03612179}"
EndProject
Project("{FAE04EC0-301F-11D3-BF4B-00C04F79EFBC}") = "MK.Data", "MK.Data\MK.Data.csproj", "{6DCC7032-3BAE-4FE6-B315-55F3AA424D5F}"
EndProject
Project("{FAE04EC0-301F-11D3-BF4B-00C04F79EFBC}") = "MK.Data.RelationalDB", "MK.Data.RelationalDB\MK.Data.RelationalDB.csproj", "{889AEDB3-B5B6-45F5-8859-B7202AC625DF}"
EndProject
Project("{FAE04EC0-301F-11D3-BF4B-00C04F79EFBC}") = "MK.Data.Xml", "MK.Data.Xml\MK.Data.Xml.csproj", "{B50BB87A-EEA1-452B-8393-037E06C4BFDE}"
EndProject
Project("{FAE04EC0-301F-11D3-BF4B-00C04F79EFBC}") = "MK.MyMath", "MK.MyMath\MK.MyMath.csproj", "{E5E720AD-E1E5-4CE2-8FD4-3FFF0D0511F7}"
EndProject
Project("{FAE04EC0-301F-11D3-BF4B-00C04F79EFBC}") = "MK.Scripting", "MK.Scripting\MK.Scripting.csproj", "{94BB9DF6-B998-4BEA-8908-1590BC2C8A69}"
EndProject
Project("{2150E333-8FDC-42A3-9474-1A3956D46DE8}") = "Tests", "Tests", "{3D91EC57-B444-49F1-AFFC-189FC2CC8E49}"
EndProject
Project("{FAE04EC0-301F-11D3-BF4B-00C04F79EFBC}") = "MK.Dropbox", "MK.Dropbox\MK.Dropbox.csproj", "{E7FA1D83-E98A-4183-B39F-D41B2A2E085D}"
EndProject
Project("{FAE04EC0-301F-11D3-BF4B-00C04F79EFBC}") = "MK.Logging", "MK.Logging\MK.Logging.csproj", "{865745F2-B7B2-4940-B99D-7239757FF8D2}"
EndProject
Project("{FAE04EC0-301F-11D3-BF4B-00C04F79EFBC}") = "MK.MyMath.Tests", "MK.MyMath.Tests\MK.MyMath.Tests.csproj", "{CCFA4F74-56EC-4D86-85D7-5EBCF7495907}"
EndProject
Project("{FAE04EC0-301F-11D3-BF4B-00C04F79EFBC}") = "MK.Utilities.Tests", "MK.Utilities.Tests\MK.Utilities.Tests.csproj", "{17067FDD-DAAD-4753-97A1-6E2E8863412E}"
EndProject
Project("{FAE04EC0-301F-11D3-BF4B-00C04F79EFBC}") = "MK.UI.WPF.Tests", "MK.UI.WPF.Tests\MK.UI.WPF.Tests.csproj", "{BD53B20C-E324-49FA-A3DD-F8D070140CAE}"
EndProject
Project("{FAE04EC0-301F-11D3-BF4B-00C04F79EFBC}") = "MK.Compression", "MK.Compression\MK.Compression.csproj", "{F1DA49F8-D918-4C69-8BAB-1195CC7F5B2B}"
EndProject
Project("{FAE04EC0-301F-11D3-BF4B-00C04F79EFBC}") = "MK.Live", "MK.Live\MK.Live.csproj", "{3B0906D7-58CA-4156-8721-0A3C9B6EA880}"
EndProject
Project("{FAE04EC0-301F-11D3-BF4B-00C04F79EFBC}") = "MK.Scripting.Tests", "MK.Scripting.Tests\MK.Scripting.Tests.csproj", "{311742F6-0607-4A6F-B2E9-955F523BAD51}"
EndProject
Project("{FAE04EC0-301F-11D3-BF4B-00C04F79EFBC}") = "MK.Data.Xml.Tests", "MK.Data.Xml.Tests\MK.Data.Xml.Tests.csproj", "{AB105431-3C25-49BA-8500-67669D6C224C}"
EndProject
Global
	GlobalSection(SolutionConfigurationPlatforms) = preSolution
		Debug|Any CPU = Debug|Any CPU
		Release|Any CPU = Release|Any CPU
	EndGlobalSection
	GlobalSection(ProjectConfigurationPlatforms) = postSolution
		{A2C7083E-BFC4-4F7B-99BC-B0C437924484}.Debug|Any CPU.ActiveCfg = Debug|Any CPU
		{A2C7083E-BFC4-4F7B-99BC-B0C437924484}.Debug|Any CPU.Build.0 = Debug|Any CPU
		{A2C7083E-BFC4-4F7B-99BC-B0C437924484}.Release|Any CPU.ActiveCfg = Release|Any CPU
		{A2C7083E-BFC4-4F7B-99BC-B0C437924484}.Release|Any CPU.Build.0 = Release|Any CPU
		{A623A7D2-C055-435D-BCFD-3E76D9389F90}.Debug|Any CPU.ActiveCfg = Debug|Any CPU
		{A623A7D2-C055-435D-BCFD-3E76D9389F90}.Debug|Any CPU.Build.0 = Debug|Any CPU
		{A623A7D2-C055-435D-BCFD-3E76D9389F90}.Release|Any CPU.ActiveCfg = Release|Any CPU
		{A623A7D2-C055-435D-BCFD-3E76D9389F90}.Release|Any CPU.Build.0 = Release|Any CPU
		{E2DEBCF0-F617-4FCC-874F-D179844A159A}.Debug|Any CPU.ActiveCfg = Debug|Any CPU
		{E2DEBCF0-F617-4FCC-874F-D179844A159A}.Debug|Any CPU.Build.0 = Debug|Any CPU
		{E2DEBCF0-F617-4FCC-874F-D179844A159A}.Release|Any CPU.ActiveCfg = Release|Any CPU
		{E2DEBCF0-F617-4FCC-874F-D179844A159A}.Release|Any CPU.Build.0 = Release|Any CPU
		{E8C5B094-2CB4-4C26-87F0-351B03612179}.Debug|Any CPU.ActiveCfg = Debug|Any CPU
		{E8C5B094-2CB4-4C26-87F0-351B03612179}.Debug|Any CPU.Build.0 = Debug|Any CPU
		{E8C5B094-2CB4-4C26-87F0-351B03612179}.Release|Any CPU.ActiveCfg = Release|Any CPU
		{E8C5B094-2CB4-4C26-87F0-351B03612179}.Release|Any CPU.Build.0 = Release|Any CPU
		{6DCC7032-3BAE-4FE6-B315-55F3AA424D5F}.Debug|Any CPU.ActiveCfg = Debug|Any CPU
		{6DCC7032-3BAE-4FE6-B315-55F3AA424D5F}.Debug|Any CPU.Build.0 = Debug|Any CPU
		{6DCC7032-3BAE-4FE6-B315-55F3AA424D5F}.Release|Any CPU.ActiveCfg = Release|Any CPU
		{6DCC7032-3BAE-4FE6-B315-55F3AA424D5F}.Release|Any CPU.Build.0 = Release|Any CPU
		{889AEDB3-B5B6-45F5-8859-B7202AC625DF}.Debug|Any CPU.ActiveCfg = Debug|Any CPU
		{889AEDB3-B5B6-45F5-8859-B7202AC625DF}.Debug|Any CPU.Build.0 = Debug|Any CPU
		{889AEDB3-B5B6-45F5-8859-B7202AC625DF}.Release|Any CPU.ActiveCfg = Release|Any CPU
		{889AEDB3-B5B6-45F5-8859-B7202AC625DF}.Release|Any CPU.Build.0 = Release|Any CPU
		{B50BB87A-EEA1-452B-8393-037E06C4BFDE}.Debug|Any CPU.ActiveCfg = Debug|Any CPU
		{B50BB87A-EEA1-452B-8393-037E06C4BFDE}.Debug|Any CPU.Build.0 = Debug|Any CPU
		{B50BB87A-EEA1-452B-8393-037E06C4BFDE}.Release|Any CPU.ActiveCfg = Release|Any CPU
		{B50BB87A-EEA1-452B-8393-037E06C4BFDE}.Release|Any CPU.Build.0 = Release|Any CPU
		{E5E720AD-E1E5-4CE2-8FD4-3FFF0D0511F7}.Debug|Any CPU.ActiveCfg = Debug|Any CPU
		{E5E720AD-E1E5-4CE2-8FD4-3FFF0D0511F7}.Debug|Any CPU.Build.0 = Debug|Any CPU
		{E5E720AD-E1E5-4CE2-8FD4-3FFF0D0511F7}.Release|Any CPU.ActiveCfg = Release|Any CPU
		{E5E720AD-E1E5-4CE2-8FD4-3FFF0D0511F7}.Release|Any CPU.Build.0 = Release|Any CPU
		{94BB9DF6-B998-4BEA-8908-1590BC2C8A69}.Debug|Any CPU.ActiveCfg = Debug|Any CPU
		{94BB9DF6-B998-4BEA-8908-1590BC2C8A69}.Debug|Any CPU.Build.0 = Debug|Any CPU
		{94BB9DF6-B998-4BEA-8908-1590BC2C8A69}.Release|Any CPU.ActiveCfg = Release|Any CPU
		{94BB9DF6-B998-4BEA-8908-1590BC2C8A69}.Release|Any CPU.Build.0 = Release|Any CPU
		{E7FA1D83-E98A-4183-B39F-D41B2A2E085D}.Debug|Any CPU.ActiveCfg = Debug|Any CPU
		{E7FA1D83-E98A-4183-B39F-D41B2A2E085D}.Debug|Any CPU.Build.0 = Debug|Any CPU
		{E7FA1D83-E98A-4183-B39F-D41B2A2E085D}.Release|Any CPU.ActiveCfg = Release|Any CPU
		{E7FA1D83-E98A-4183-B39F-D41B2A2E085D}.Release|Any CPU.Build.0 = Release|Any CPU
		{865745F2-B7B2-4940-B99D-7239757FF8D2}.Debug|Any CPU.ActiveCfg = Debug|Any CPU
		{865745F2-B7B2-4940-B99D-7239757FF8D2}.Debug|Any CPU.Build.0 = Debug|Any CPU
		{865745F2-B7B2-4940-B99D-7239757FF8D2}.Release|Any CPU.ActiveCfg = Release|Any CPU
		{865745F2-B7B2-4940-B99D-7239757FF8D2}.Release|Any CPU.Build.0 = Release|Any CPU
		{CCFA4F74-56EC-4D86-85D7-5EBCF7495907}.Debug|Any CPU.ActiveCfg = Debug|Any CPU
		{CCFA4F74-56EC-4D86-85D7-5EBCF7495907}.Debug|Any CPU.Build.0 = Debug|Any CPU
		{CCFA4F74-56EC-4D86-85D7-5EBCF7495907}.Release|Any CPU.ActiveCfg = Release|Any CPU
		{CCFA4F74-56EC-4D86-85D7-5EBCF7495907}.Release|Any CPU.Build.0 = Release|Any CPU
		{17067FDD-DAAD-4753-97A1-6E2E8863412E}.Debug|Any CPU.ActiveCfg = Debug|Any CPU
		{17067FDD-DAAD-4753-97A1-6E2E8863412E}.Debug|Any CPU.Build.0 = Debug|Any CPU
		{17067FDD-DAAD-4753-97A1-6E2E8863412E}.Release|Any CPU.ActiveCfg = Release|Any CPU
		{17067FDD-DAAD-4753-97A1-6E2E8863412E}.Release|Any CPU.Build.0 = Release|Any CPU
		{BD53B20C-E324-49FA-A3DD-F8D070140CAE}.Debug|Any CPU.ActiveCfg = Debug|Any CPU
		{BD53B20C-E324-49FA-A3DD-F8D070140CAE}.Debug|Any CPU.Build.0 = Debug|Any CPU
		{BD53B20C-E324-49FA-A3DD-F8D070140CAE}.Release|Any CPU.ActiveCfg = Release|Any CPU
		{BD53B20C-E324-49FA-A3DD-F8D070140CAE}.Release|Any CPU.Build.0 = Release|Any CPU
		{F1DA49F8-D918-4C69-8BAB-1195CC7F5B2B}.Debug|Any CPU.ActiveCfg = Debug|Any CPU
		{F1DA49F8-D918-4C69-8BAB-1195CC7F5B2B}.Debug|Any CPU.Build.0 = Debug|Any CPU
		{F1DA49F8-D918-4C69-8BAB-1195CC7F5B2B}.Release|Any CPU.ActiveCfg = Release|Any CPU
		{F1DA49F8-D918-4C69-8BAB-1195CC7F5B2B}.Release|Any CPU.Build.0 = Release|Any CPU
		{3B0906D7-58CA-4156-8721-0A3C9B6EA880}.Debug|Any CPU.ActiveCfg = Debug|Any CPU
		{3B0906D7-58CA-4156-8721-0A3C9B6EA880}.Debug|Any CPU.Build.0 = Debug|Any CPU
		{3B0906D7-58CA-4156-8721-0A3C9B6EA880}.Release|Any CPU.ActiveCfg = Release|Any CPU
		{3B0906D7-58CA-4156-8721-0A3C9B6EA880}.Release|Any CPU.Build.0 = Release|Any CPU
		{311742F6-0607-4A6F-B2E9-955F523BAD51}.Debug|Any CPU.ActiveCfg = Debug|Any CPU
		{311742F6-0607-4A6F-B2E9-955F523BAD51}.Debug|Any CPU.Build.0 = Debug|Any CPU
		{311742F6-0607-4A6F-B2E9-955F523BAD51}.Release|Any CPU.ActiveCfg = Release|Any CPU
		{311742F6-0607-4A6F-B2E9-955F523BAD51}.Release|Any CPU.Build.0 = Release|Any CPU
		{AB105431-3C25-49BA-8500-67669D6C224C}.Debug|Any CPU.ActiveCfg = Debug|Any CPU
		{AB105431-3C25-49BA-8500-67669D6C224C}.Debug|Any CPU.Build.0 = Debug|Any CPU
		{AB105431-3C25-49BA-8500-67669D6C224C}.Release|Any CPU.ActiveCfg = Release|Any CPU
		{AB105431-3C25-49BA-8500-67669D6C224C}.Release|Any CPU.Build.0 = Release|Any CPU
	EndGlobalSection
	GlobalSection(SolutionProperties) = preSolution
		HideSolutionNode = FALSE
	EndGlobalSection
	GlobalSection(NestedProjects) = preSolution
		{CCFA4F74-56EC-4D86-85D7-5EBCF7495907} = {3D91EC57-B444-49F1-AFFC-189FC2CC8E49}
		{17067FDD-DAAD-4753-97A1-6E2E8863412E} = {3D91EC57-B444-49F1-AFFC-189FC2CC8E49}
		{BD53B20C-E324-49FA-A3DD-F8D070140CAE} = {3D91EC57-B444-49F1-AFFC-189FC2CC8E49}
		{311742F6-0607-4A6F-B2E9-955F523BAD51} = {3D91EC57-B444-49F1-AFFC-189FC2CC8E49}
		{AB105431-3C25-49BA-8500-67669D6C224C} = {3D91EC57-B444-49F1-AFFC-189FC2CC8E49}
	EndGlobalSection
	GlobalSection(ExtensibilityGlobals) = postSolution
		EnterpriseLibraryConfigurationToolBinariesPathV6 = packages\EnterpriseLibrary.Common.6.0.1304.0\lib\NET45;packages\EnterpriseLibrary.Logging.6.0.1304.0\lib\NET45;packages\EnterpriseLibrary.Data.6.0.1304.0\lib\NET45
	EndGlobalSection
	GlobalSection(TestCaseManagementSettings) = postSolution
		CategoryFile = Wspólne.vsmdi
	EndGlobalSection
EndGlobal
